{
  "version": 4,
  "terraform_version": "1.2.6",
  "serial": 684,
  "lineage": "0b629fb1-4f92-e42c-cba8-e5e0c6763b46",
  "outputs": {
    "default_alb_target_group": {
      "value": "arn:aws:elasticloadbalancing:eu-west-1:560092900663:targetgroup/Danylo-Danylo-default/3de5a61a33fef911",
      "type": "string"
    }
  },
  "resources": [
    {
      "mode": "managed",
      "type": "aws_key_pair",
      "name": "ecs",
      "provider": "provider[\"registry.terraform.io/hashicorp/aws\"]",
      "instances": [
        {
          "schema_version": 1,
          "attributes": {
            "arn": "arn:aws:ec2:eu-west-1:560092900663:key-pair/ecs-key-Danylo",
            "fingerprint": "3b:28:7d:51:cf:a8:3e:21:45:2c:6f:ca:6b:f3:94:3e",
            "id": "ecs-key-Danylo",
            "key_name": "ecs-key-Danylo",
            "key_name_prefix": "",
            "key_pair_id": "key-02897c3a1193d1890",
            "key_type": "rsa",
            "public_key": "ssh-rsa AAAAB3NzaC1yc2EAAAADAQABAAABgQCHf+AA3YFtD0JzZqmuSnu0YTkgtjQgAl8eWw6Z+0HeJmC4k3UjNOwB6LRzzr7HwkwiAda2x0BUo00scUDhp92yB5NJiYIAKAco6/lxHmsv7PqgyLmKOXMiLOPhRSIkv6Y4801OazmoTc7ZGrjobBVM6t7OXw9d+0qFJHBNZ07+MPL0HtPmG+xJsokveuI1L9O1ri1Sh0lVfkNwX0CStXx0J26vzttD+oosrItW2bb3atgpJqytC/c/zJGAh0TKtpteHb4ZYOGOM2/Zy69HY3zyHiZUxh82arlZp/7n58NoqvVafNVNJQhDz6nPGvDXkV8Xd32h9Eu0ResaItm5dVHKF7lIBnvvT2vVNdsiR2GLkZ0UCmetNKIjM0V5jV7+clNhAD2ZnQJ5+N2VAVi9JNkr/2grd7cXxnsoptsKu/DdT2DKWp1pwDF1REvB/XzwXslJGBrj3YezQ74fPaJNMS0TQh8oEUpYx6fkDB615d29vrqd5sHLavNlTCbQM+ZMC9M= ecs@aws.fake",
            "tags": null,
            "tags_all": {}
          },
          "sensitive_attributes": [],
          "private": "eyJzY2hlbWFfdmVyc2lvbiI6IjEifQ==",
          "create_before_destroy": true
        }
      ]
    },
    {
      "module": "module.ecs",
      "mode": "managed",
      "type": "aws_ecs_cluster",
      "name": "cluster",
      "provider": "provider[\"registry.terraform.io/hashicorp/aws\"]",
      "instances": [
        {
          "schema_version": 0,
          "attributes": {
            "arn": "arn:aws:ecs:eu-west-1:560092900663:cluster/Danylo",
            "capacity_providers": [],
            "configuration": [],
            "default_capacity_provider_strategy": [],
            "id": "arn:aws:ecs:eu-west-1:560092900663:cluster/Danylo",
            "name": "Danylo",
            "setting": [
              {
                "name": "containerInsights",
                "value": "disabled"
              }
            ],
            "tags": null,
            "tags_all": {}
          },
          "sensitive_attributes": [],
          "private": "bnVsbA=="
        }
      ]
    },
    {
      "module": "module.ecs",
      "mode": "managed",
      "type": "aws_iam_instance_profile",
      "name": "ecs",
      "provider": "provider[\"registry.terraform.io/hashicorp/aws\"]",
      "instances": []
    },
    {
      "module": "module.ecs",
      "mode": "managed",
      "type": "aws_iam_role_policy_attachment",
      "name": "ecs_ec2_cloudwatch_role",
      "provider": "provider[\"registry.terraform.io/hashicorp/aws\"]",
      "instances": []
    },
    {
      "module": "module.ecs",
      "mode": "managed",
      "type": "aws_iam_role_policy_attachment",
      "name": "ecs_ec2_role",
      "provider": "provider[\"registry.terraform.io/hashicorp/aws\"]",
      "instances": []
    },
    {
      "module": "module.ecs",
      "mode": "managed",
      "type": "aws_iam_role_policy_attachment",
      "name": "ecs_lb",
      "provider": "provider[\"registry.terraform.io/hashicorp/aws\"]",
      "instances": []
    },
    {
      "module": "module.ecs",
      "mode": "managed",
      "type": "aws_security_group_rule",
      "name": "alb_to_ecs",
      "provider": "provider[\"registry.terraform.io/hashicorp/aws\"]",
      "instances": [
        {
          "schema_version": 2,
          "attributes": {
            "cidr_blocks": null,
            "description": null,
            "from_port": 32768,
            "id": "sgrule-4134266338",
            "ipv6_cidr_blocks": null,
            "prefix_list_ids": null,
            "protocol": "tcp",
            "security_group_id": "sg-0552cbb59442307b3",
            "self": false,
            "source_security_group_id": "sg-0764c7ff44ed6e1fb",
            "timeouts": null,
            "to_port": 61000,
            "type": "ingress"
          },
          "sensitive_attributes": [],
          "private": "eyJlMmJmYjczMC1lY2FhLTExZTYtOGY4OC0zNDM2M2JjN2M0YzAiOnsiY3JlYXRlIjozMDAwMDAwMDAwMDB9LCJzY2hlbWFfdmVyc2lvbiI6IjIifQ==",
          "dependencies": [
            "module.ecs.module.alb.aws_security_group.alb",
            "module.ecs.module.ecs_instances.aws_security_group.instance",
            "module.ecs.module.network.module.vpc.aws_vpc.vpc"
          ]
        }
      ]
    },
    {
      "module": "module.ecs.module.alb",
      "mode": "managed",
      "type": "aws_alb",
      "name": "alb",
      "provider": "provider[\"registry.terraform.io/hashicorp/aws\"]",
      "instances": [
        {
          "schema_version": 0,
          "attributes": {
            "access_logs": [
              {
                "bucket": "",
                "enabled": false,
                "prefix": ""
              }
            ],
            "arn": "arn:aws:elasticloadbalancing:eu-west-1:560092900663:loadbalancer/app/Danylo-Danylo/bbc712236c0d51ae",
            "arn_suffix": "app/Danylo-Danylo/bbc712236c0d51ae",
            "customer_owned_ipv4_pool": "",
            "desync_mitigation_mode": "defensive",
            "dns_name": "Danylo-Danylo-2118488018.eu-west-1.elb.amazonaws.com",
            "drop_invalid_header_fields": false,
            "enable_cross_zone_load_balancing": null,
            "enable_deletion_protection": false,
            "enable_http2": true,
            "enable_waf_fail_open": false,
            "id": "arn:aws:elasticloadbalancing:eu-west-1:560092900663:loadbalancer/app/Danylo-Danylo/bbc712236c0d51ae",
            "idle_timeout": 60,
            "internal": false,
            "ip_address_type": "ipv4",
            "load_balancer_type": "application",
            "name": "Danylo-Danylo",
            "name_prefix": null,
            "preserve_host_header": false,
            "security_groups": [
              "sg-0764c7ff44ed6e1fb"
            ],
            "subnet_mapping": [
              {
                "allocation_id": "",
                "ipv6_address": "",
                "outpost_id": "",
                "private_ipv4_address": "",
                "subnet_id": "subnet-076f47d90cc081d59"
              },
              {
                "allocation_id": "",
                "ipv6_address": "",
                "outpost_id": "",
                "private_ipv4_address": "",
                "subnet_id": "subnet-0e392d9ee15cfe2bb"
              }
            ],
            "subnets": [
              "subnet-076f47d90cc081d59",
              "subnet-0e392d9ee15cfe2bb"
            ],
            "tags": {
              "Environment": "Danylo"
            },
            "tags_all": {
              "Environment": "Danylo"
            },
            "timeouts": null,
            "vpc_id": "vpc-011cde17e9c3b05a1",
            "zone_id": "Z32O12XQLNTSW2"
          },
          "sensitive_attributes": [],
          "private": "eyJlMmJmYjczMC1lY2FhLTExZTYtOGY4OC0zNDM2M2JjN2M0YzAiOnsiY3JlYXRlIjo2MDAwMDAwMDAwMDAsImRlbGV0ZSI6NjAwMDAwMDAwMDAwLCJ1cGRhdGUiOjYwMDAwMDAwMDAwMH19",
          "dependencies": [
            "module.ecs.module.alb.aws_security_group.alb",
            "module.ecs.module.network.module.public_subnet.aws_subnet.subnet",
            "module.ecs.module.network.module.vpc.aws_vpc.vpc"
          ]
        }
      ]
    },
    {
      "module": "module.ecs.module.alb",
      "mode": "managed",
      "type": "aws_alb_listener",
      "name": "http",
      "provider": "provider[\"registry.terraform.io/hashicorp/aws\"]",
      "instances": [
        {
          "schema_version": 0,
          "attributes": {
            "alpn_policy": null,
            "arn": "arn:aws:elasticloadbalancing:eu-west-1:560092900663:listener/app/Danylo-Danylo/bbc712236c0d51ae/dc9f856633b57d32",
            "certificate_arn": null,
            "default_action": [
              {
                "authenticate_cognito": [],
                "authenticate_oidc": [],
                "fixed_response": [],
                "forward": [],
                "order": 1,
                "redirect": [],
                "target_group_arn": "arn:aws:elasticloadbalancing:eu-west-1:560092900663:targetgroup/Danylo-Danylo-default/3de5a61a33fef911",
                "type": "forward"
              }
            ],
            "id": "arn:aws:elasticloadbalancing:eu-west-1:560092900663:listener/app/Danylo-Danylo/bbc712236c0d51ae/dc9f856633b57d32",
            "load_balancer_arn": "arn:aws:elasticloadbalancing:eu-west-1:560092900663:loadbalancer/app/Danylo-Danylo/bbc712236c0d51ae",
            "port": 80,
            "protocol": "HTTP",
            "ssl_policy": "",
            "tags": null,
            "tags_all": {},
            "timeouts": null
          },
          "sensitive_attributes": [],
          "private": "eyJlMmJmYjczMC1lY2FhLTExZTYtOGY4OC0zNDM2M2JjN2M0YzAiOnsicmVhZCI6NjAwMDAwMDAwMDAwfX0=",
          "dependencies": [
            "module.ecs.module.alb.aws_alb.alb",
            "module.ecs.module.alb.aws_alb_target_group.default",
            "module.ecs.module.alb.aws_security_group.alb",
            "module.ecs.module.network.module.public_subnet.aws_subnet.subnet",
            "module.ecs.module.network.module.vpc.aws_vpc.vpc"
          ]
        }
      ]
    },
    {
      "module": "module.ecs.module.alb",
      "mode": "managed",
      "type": "aws_alb_target_group",
      "name": "default",
      "provider": "provider[\"registry.terraform.io/hashicorp/aws\"]",
      "instances": [
        {
          "schema_version": 0,
          "attributes": {
            "arn": "arn:aws:elasticloadbalancing:eu-west-1:560092900663:targetgroup/Danylo-Danylo-default/3de5a61a33fef911",
            "arn_suffix": "targetgroup/Danylo-Danylo-default/3de5a61a33fef911",
            "connection_termination": false,
            "deregistration_delay": "300",
            "health_check": [
              {
                "enabled": true,
                "healthy_threshold": 3,
                "interval": 30,
                "matcher": "200",
                "path": "/",
                "port": "traffic-port",
                "protocol": "HTTP",
                "timeout": 5,
                "unhealthy_threshold": 3
              }
            ],
            "id": "arn:aws:elasticloadbalancing:eu-west-1:560092900663:targetgroup/Danylo-Danylo-default/3de5a61a33fef911",
            "ip_address_type": null,
            "lambda_multi_value_headers_enabled": false,
            "load_balancing_algorithm_type": "round_robin",
            "name": "Danylo-Danylo-default",
            "name_prefix": null,
            "port": 80,
            "preserve_client_ip": null,
            "protocol": "HTTP",
            "protocol_version": "HTTP1",
            "proxy_protocol_v2": false,
            "slow_start": 0,
            "stickiness": [
              {
                "cookie_duration": 86400,
                "cookie_name": "",
                "enabled": false,
                "type": "lb_cookie"
              }
            ],
            "tags": {
              "Environment": "Danylo"
            },
            "tags_all": {
              "Environment": "Danylo"
            },
            "target_type": "instance",
            "vpc_id": "vpc-011cde17e9c3b05a1"
          },
          "sensitive_attributes": [],
          "private": "bnVsbA==",
          "dependencies": [
            "module.ecs.module.network.module.vpc.aws_vpc.vpc"
          ]
        }
      ]
    },
    {
      "module": "module.ecs.module.alb",
      "mode": "managed",
      "type": "aws_security_group",
      "name": "alb",
      "provider": "provider[\"registry.terraform.io/hashicorp/aws\"]",
      "instances": [
        {
          "schema_version": 1,
          "attributes": {
            "arn": "arn:aws:ec2:eu-west-1:560092900663:security-group/sg-0764c7ff44ed6e1fb",
            "description": "Managed by Terraform",
            "egress": [],
            "id": "sg-0764c7ff44ed6e1fb",
            "ingress": [],
            "name": "Danylo-Danylo_alb",
            "name_prefix": "",
            "owner_id": "560092900663",
            "revoke_rules_on_delete": false,
            "tags": {
              "Environment": "Danylo"
            },
            "tags_all": {
              "Environment": "Danylo"
            },
            "timeouts": null,
            "vpc_id": "vpc-011cde17e9c3b05a1"
          },
          "sensitive_attributes": [],
          "private": "eyJlMmJmYjczMC1lY2FhLTExZTYtOGY4OC0zNDM2M2JjN2M0YzAiOnsiY3JlYXRlIjo2MDAwMDAwMDAwMDAsImRlbGV0ZSI6OTAwMDAwMDAwMDAwfSwic2NoZW1hX3ZlcnNpb24iOiIxIn0=",
          "dependencies": [
            "module.ecs.module.network.module.vpc.aws_vpc.vpc"
          ]
        }
      ]
    },
    {
      "module": "module.ecs.module.alb",
      "mode": "managed",
      "type": "aws_security_group_rule",
      "name": "https_from_anywhere",
      "provider": "provider[\"registry.terraform.io/hashicorp/aws\"]",
      "instances": [
        {
          "schema_version": 2,
          "attributes": {
            "cidr_blocks": [
              "0.0.0.0/0"
            ],
            "description": null,
            "from_port": 80,
            "id": "sgrule-1018164883",
            "ipv6_cidr_blocks": null,
            "prefix_list_ids": null,
            "protocol": "tcp",
            "security_group_id": "sg-0764c7ff44ed6e1fb",
            "self": false,
            "source_security_group_id": null,
            "timeouts": null,
            "to_port": 80,
            "type": "ingress"
          },
          "sensitive_attributes": [],
          "private": "eyJlMmJmYjczMC1lY2FhLTExZTYtOGY4OC0zNDM2M2JjN2M0YzAiOnsiY3JlYXRlIjozMDAwMDAwMDAwMDB9LCJzY2hlbWFfdmVyc2lvbiI6IjIifQ==",
          "dependencies": [
            "module.ecs.module.alb.aws_security_group.alb",
            "module.ecs.module.network.module.vpc.aws_vpc.vpc"
          ]
        }
      ]
    },
    {
      "module": "module.ecs.module.alb",
      "mode": "managed",
      "type": "aws_security_group_rule",
      "name": "outbound_internet_access",
      "provider": "provider[\"registry.terraform.io/hashicorp/aws\"]",
      "instances": [
        {
          "schema_version": 2,
          "attributes": {
            "cidr_blocks": [
              "0.0.0.0/0"
            ],
            "description": null,
            "from_port": 0,
            "id": "sgrule-1291496340",
            "ipv6_cidr_blocks": null,
            "prefix_list_ids": null,
            "protocol": "-1",
            "security_group_id": "sg-0764c7ff44ed6e1fb",
            "self": false,
            "source_security_group_id": null,
            "timeouts": null,
            "to_port": 0,
            "type": "egress"
          },
          "sensitive_attributes": [],
          "private": "eyJlMmJmYjczMC1lY2FhLTExZTYtOGY4OC0zNDM2M2JjN2M0YzAiOnsiY3JlYXRlIjozMDAwMDAwMDAwMDB9LCJzY2hlbWFfdmVyc2lvbiI6IjIifQ==",
          "dependencies": [
            "module.ecs.module.alb.aws_security_group.alb",
            "module.ecs.module.network.module.vpc.aws_vpc.vpc"
          ]
        }
      ]
    },
    {
      "module": "module.ecs.module.ecs_instances",
      "mode": "data",
      "type": "aws_ami",
      "name": "latest_ecs_ami",
      "provider": "provider[\"registry.terraform.io/hashicorp/aws\"]",
      "instances": [
        {
          "schema_version": 0,
          "attributes": {
            "architecture": "x86_64",
            "arn": "arn:aws:ec2:eu-west-1::image/ami-061e987f8ee8ca0ac",
            "block_device_mappings": [
              {
                "device_name": "/dev/xvda",
                "ebs": {
                  "delete_on_termination": "true",
                  "encrypted": "false",
                  "iops": "0",
                  "snapshot_id": "snap-0345b31739da7fb67",
                  "throughput": "0",
                  "volume_size": "30",
                  "volume_type": "gp2"
                },
                "no_device": "",
                "virtual_name": ""
              }
            ],
            "boot_mode": "",
            "creation_date": "2022-08-31T00:35:02.000Z",
            "deprecation_time": "2024-08-31T00:35:02.000Z",
            "description": "Amazon Linux AMI 2.0.20220831 x86_64 ECS HVM GP2",
            "ena_support": true,
            "executable_users": null,
            "filter": [
              {
                "name": "name",
                "values": [
                  "amzn2-ami-ecs-*"
                ]
              },
              {
                "name": "virtualization-type",
                "values": [
                  "hvm"
                ]
              }
            ],
            "hypervisor": "xen",
            "id": "ami-061e987f8ee8ca0ac",
            "image_id": "ami-061e987f8ee8ca0ac",
            "image_location": "amazon/amzn2-ami-ecs-gpu-hvm-2.0.20220831-x86_64-ebs",
            "image_owner_alias": "amazon",
            "image_type": "machine",
            "include_deprecated": false,
            "kernel_id": "",
            "most_recent": true,
            "name": "amzn2-ami-ecs-gpu-hvm-2.0.20220831-x86_64-ebs",
            "name_regex": null,
            "owner_id": "591542846629",
            "owners": [
              "amazon"
            ],
            "platform": "",
            "platform_details": "Linux/UNIX",
            "product_codes": [],
            "public": true,
            "ramdisk_id": "",
            "root_device_name": "/dev/xvda",
            "root_device_type": "ebs",
            "root_snapshot_id": "snap-0345b31739da7fb67",
            "sriov_net_support": "simple",
            "state": "available",
            "state_reason": {
              "code": "UNSET",
              "message": "UNSET"
            },
            "tags": {},
            "timeouts": null,
            "tpm_support": "",
            "usage_operation": "RunInstances",
            "virtualization_type": "hvm"
          },
          "sensitive_attributes": []
        }
      ]
    },
    {
      "module": "module.ecs.module.ecs_instances",
      "mode": "data",
      "type": "template_file",
      "name": "user_data",
      "provider": "provider[\"registry.terraform.io/hashicorp/template\"]",
      "instances": [
        {
          "schema_version": 0,
          "attributes": {
            "filename": null,
            "id": "34ed0dafa8b78f541deb30e09dc53ed20cadbce3c3970265fd223d9f387b8eb0",
            "rendered": "#!/bin/bash\n\n\nyum install -y awslogs jq aws-cli\n\n\necho '' \u003e /etc/ecs/ecs.config\n{\n  echo \"ECS_CLUSTER=Danylo\"\n  echo 'ECS_AVAILABLE_LOGGING_DRIVERS=[\"json-file\",\"awslogs\"]'\n} \u003e\u003e /etc/ecs/ecs.config\n\n\ncat \u003e /etc/awslogs/awslogs.conf \u003c\u003c- EOF\n[general]\nstate_file = /var/lib/awslogs/agent-state\n\n[/var/log/dmesg]\nfile = /var/log/dmesg\nlog_group_name = Danylo/var/log/dmesg\nlog_stream_name = Danylo/{container_instance_id}\n\n[/var/log/messages]\nfile = /var/log/messages\nlog_group_name = Danylo/var/log/messages\nlog_stream_name = Danylo/{container_instance_id}\ndatetime_format = %b %d %H:%M:%S\n\n[/var/log/docker]\nfile = /var/log/docker\nlog_group_name = Danylo/var/log/docker\nlog_stream_name = Danylo/{container_instance_id}\ndatetime_format = %Y-%m-%dT%H:%M:%S.%f\n\n[/var/log/ecs/ecs-init.log]\nfile = /var/log/ecs/ecs-init.log.*\nlog_group_name = Danylo/var/log/ecs/ecs-init.log\nlog_stream_name = Danylo/{container_instance_id}\ndatetime_format = %Y-%m-%dT%H:%M:%SZ\n\n[/var/log/ecs/ecs-agent.log]\nfile = /var/log/ecs/ecs-agent.log.*\nlog_group_name = Danylo/var/log/ecs/ecs-agent.log\nlog_stream_name = Danylo/{container_instance_id}\ndatetime_format = %Y-%m-%dT%H:%M:%SZ\n\n[/var/log/ecs/audit.log]\nfile = /var/log/ecs/audit.log.*\nlog_group_name = Danylo/var/log/ecs/audit.log\nlog_stream_name = Danylo/{container_instance_id}\ndatetime_format = %Y-%m-%dT%H:%M:%SZ\n\nEOF\n\nregion=$(curl 169.254.169.254/latest/meta-data/placement/availability-zone | sed s'/.$//')\n\nsed -i -e \"s/region = us-east-1/region = $region/g\" /etc/awslogs/awscli.conf\n\n\ncontainer_instance_id=$(curl 169.254.169.254/latest/meta-data/local-ipv4)\n\nsed -i -e \"s/{container_instance_id}/$container_instance_id/g\" /etc/awslogs/awslogs.conf\n\ncat \u003e /etc/init/awslogjob.conf \u003c\u003c- EOF\n#upstart-job\ndescription \"Configure and start CloudWatch Logs agent on Amazon ECS container instance\"\nauthor \"Amazon Web Services\"\nstart on started ecs\n\nscript\n\texec 2\u003e\u003e/var/log/ecs/cloudwatch-logs-start.log\n\tset -x\n\n\tuntil curl -s http://localhost:51678/v1/metadata\n\tdo\n\t\tsleep 1\n\tdone\n\n\tservice awslogs start\n\tchkconfig awslogs on\nend script\n\nEOF\n\nstart ecs\n\n# Custom userdata script code\n\n\necho \"Done\"\n",
            "template": "#!/bin/bash\n\n\nyum install -y awslogs jq aws-cli\n\n\n${ecs_config}\n{\n  echo \"ECS_CLUSTER=${cluster_name}\"\n  echo 'ECS_AVAILABLE_LOGGING_DRIVERS=${ecs_logging}'\n} \u003e\u003e /etc/ecs/ecs.config\n\n\ncat \u003e /etc/awslogs/awslogs.conf \u003c\u003c- EOF\n[general]\nstate_file = /var/lib/awslogs/agent-state\n\n[/var/log/dmesg]\nfile = /var/log/dmesg\nlog_group_name = ${cloudwatch_prefix}/var/log/dmesg\nlog_stream_name = ${cluster_name}/{container_instance_id}\n\n[/var/log/messages]\nfile = /var/log/messages\nlog_group_name = ${cloudwatch_prefix}/var/log/messages\nlog_stream_name = ${cluster_name}/{container_instance_id}\ndatetime_format = %b %d %H:%M:%S\n\n[/var/log/docker]\nfile = /var/log/docker\nlog_group_name = ${cloudwatch_prefix}/var/log/docker\nlog_stream_name = ${cluster_name}/{container_instance_id}\ndatetime_format = %Y-%m-%dT%H:%M:%S.%f\n\n[/var/log/ecs/ecs-init.log]\nfile = /var/log/ecs/ecs-init.log.*\nlog_group_name = ${cloudwatch_prefix}/var/log/ecs/ecs-init.log\nlog_stream_name = ${cluster_name}/{container_instance_id}\ndatetime_format = %Y-%m-%dT%H:%M:%SZ\n\n[/var/log/ecs/ecs-agent.log]\nfile = /var/log/ecs/ecs-agent.log.*\nlog_group_name = ${cloudwatch_prefix}/var/log/ecs/ecs-agent.log\nlog_stream_name = ${cluster_name}/{container_instance_id}\ndatetime_format = %Y-%m-%dT%H:%M:%SZ\n\n[/var/log/ecs/audit.log]\nfile = /var/log/ecs/audit.log.*\nlog_group_name = ${cloudwatch_prefix}/var/log/ecs/audit.log\nlog_stream_name = ${cluster_name}/{container_instance_id}\ndatetime_format = %Y-%m-%dT%H:%M:%SZ\n\nEOF\n\nregion=$(curl 169.254.169.254/latest/meta-data/placement/availability-zone | sed s'/.$//')\n\nsed -i -e \"s/region = us-east-1/region = $region/g\" /etc/awslogs/awscli.conf\n\n\ncontainer_instance_id=$(curl 169.254.169.254/latest/meta-data/local-ipv4)\n\nsed -i -e \"s/{container_instance_id}/$container_instance_id/g\" /etc/awslogs/awslogs.conf\n\ncat \u003e /etc/init/awslogjob.conf \u003c\u003c- EOF\n#upstart-job\ndescription \"Configure and start CloudWatch Logs agent on Amazon ECS container instance\"\nauthor \"Amazon Web Services\"\nstart on started ecs\n\nscript\n\texec 2\u003e\u003e/var/log/ecs/cloudwatch-logs-start.log\n\tset -x\n\n\tuntil curl -s http://localhost:51678/v1/metadata\n\tdo\n\t\tsleep 1\n\tdone\n\n\tservice awslogs start\n\tchkconfig awslogs on\nend script\n\nEOF\n\nstart ecs\n\n# Custom userdata script code\n${custom_userdata}\n\necho \"Done\"\n",
            "vars": {
              "cloudwatch_prefix": "Danylo",
              "cluster_name": "Danylo",
              "custom_userdata": "",
              "ecs_config": "echo '' \u003e /etc/ecs/ecs.config",
              "ecs_logging": "[\"json-file\",\"awslogs\"]",
              "env_name": "Danylo"
            }
          },
          "sensitive_attributes": []
        }
      ]
    },
    {
      "module": "module.ecs.module.ecs_instances",
      "mode": "managed",
      "type": "aws_autoscaling_group",
      "name": "asg",
      "provider": "provider[\"registry.terraform.io/hashicorp/aws\"]",
      "instances": []
    },
    {
      "module": "module.ecs.module.ecs_instances",
      "mode": "managed",
      "type": "aws_cloudwatch_log_group",
      "name": "audit",
      "provider": "provider[\"registry.terraform.io/hashicorp/aws\"]",
      "instances": [
        {
          "schema_version": 0,
          "attributes": {
            "arn": "arn:aws:logs:eu-west-1:560092900663:log-group:Danylo/var/log/ecs/audit.log",
            "id": "Danylo/var/log/ecs/audit.log",
            "kms_key_id": "",
            "name": "Danylo/var/log/ecs/audit.log",
            "name_prefix": null,
            "retention_in_days": 30,
            "tags": null,
            "tags_all": {}
          },
          "sensitive_attributes": [],
          "private": "bnVsbA=="
        }
      ]
    },
    {
      "module": "module.ecs.module.ecs_instances",
      "mode": "managed",
      "type": "aws_cloudwatch_log_group",
      "name": "dmesg",
      "provider": "provider[\"registry.terraform.io/hashicorp/aws\"]",
      "instances": [
        {
          "schema_version": 0,
          "attributes": {
            "arn": "arn:aws:logs:eu-west-1:560092900663:log-group:Danylo/var/log/dmesg",
            "id": "Danylo/var/log/dmesg",
            "kms_key_id": "",
            "name": "Danylo/var/log/dmesg",
            "name_prefix": null,
            "retention_in_days": 30,
            "tags": null,
            "tags_all": {}
          },
          "sensitive_attributes": [],
          "private": "bnVsbA=="
        }
      ]
    },
    {
      "module": "module.ecs.module.ecs_instances",
      "mode": "managed",
      "type": "aws_cloudwatch_log_group",
      "name": "docker",
      "provider": "provider[\"registry.terraform.io/hashicorp/aws\"]",
      "instances": [
        {
          "schema_version": 0,
          "attributes": {
            "arn": "arn:aws:logs:eu-west-1:560092900663:log-group:Danylo/var/log/docker",
            "id": "Danylo/var/log/docker",
            "kms_key_id": "",
            "name": "Danylo/var/log/docker",
            "name_prefix": null,
            "retention_in_days": 30,
            "tags": null,
            "tags_all": {}
          },
          "sensitive_attributes": [],
          "private": "bnVsbA=="
        }
      ]
    },
    {
      "module": "module.ecs.module.ecs_instances",
      "mode": "managed",
      "type": "aws_cloudwatch_log_group",
      "name": "ecs-agent",
      "provider": "provider[\"registry.terraform.io/hashicorp/aws\"]",
      "instances": [
        {
          "schema_version": 0,
          "attributes": {
            "arn": "arn:aws:logs:eu-west-1:560092900663:log-group:Danylo/var/log/ecs/ecs-agent.log",
            "id": "Danylo/var/log/ecs/ecs-agent.log",
            "kms_key_id": "",
            "name": "Danylo/var/log/ecs/ecs-agent.log",
            "name_prefix": null,
            "retention_in_days": 30,
            "tags": null,
            "tags_all": {}
          },
          "sensitive_attributes": [],
          "private": "bnVsbA=="
        }
      ]
    },
    {
      "module": "module.ecs.module.ecs_instances",
      "mode": "managed",
      "type": "aws_cloudwatch_log_group",
      "name": "ecs-init",
      "provider": "provider[\"registry.terraform.io/hashicorp/aws\"]",
      "instances": [
        {
          "schema_version": 0,
          "attributes": {
            "arn": "arn:aws:logs:eu-west-1:560092900663:log-group:Danylo/var/log/ecs/ecs-init.log",
            "id": "Danylo/var/log/ecs/ecs-init.log",
            "kms_key_id": "",
            "name": "Danylo/var/log/ecs/ecs-init.log",
            "name_prefix": null,
            "retention_in_days": 30,
            "tags": null,
            "tags_all": {}
          },
          "sensitive_attributes": [],
          "private": "bnVsbA=="
        }
      ]
    },
    {
      "module": "module.ecs.module.ecs_instances",
      "mode": "managed",
      "type": "aws_cloudwatch_log_group",
      "name": "messages",
      "provider": "provider[\"registry.terraform.io/hashicorp/aws\"]",
      "instances": [
        {
          "schema_version": 0,
          "attributes": {
            "arn": "arn:aws:logs:eu-west-1:560092900663:log-group:Danylo/var/log/messages",
            "id": "Danylo/var/log/messages",
            "kms_key_id": "",
            "name": "Danylo/var/log/messages",
            "name_prefix": null,
            "retention_in_days": 30,
            "tags": null,
            "tags_all": {}
          },
          "sensitive_attributes": [],
          "private": "bnVsbA=="
        }
      ]
    },
    {
      "module": "module.ecs.module.ecs_instances",
      "mode": "managed",
      "type": "aws_launch_configuration",
      "name": "launch",
      "provider": "provider[\"registry.terraform.io/hashicorp/aws\"]",
      "instances": []
    },
    {
      "module": "module.ecs.module.ecs_instances",
      "mode": "managed",
      "type": "aws_security_group",
      "name": "instance",
      "provider": "provider[\"registry.terraform.io/hashicorp/aws\"]",
      "instances": [
        {
          "schema_version": 1,
          "attributes": {
            "arn": "arn:aws:ec2:eu-west-1:560092900663:security-group/sg-0552cbb59442307b3",
            "description": "Used in Danylo",
            "egress": [],
            "id": "sg-0552cbb59442307b3",
            "ingress": [],
            "name": "Danylo_Danylo_default",
            "name_prefix": "",
            "owner_id": "560092900663",
            "revoke_rules_on_delete": false,
            "tags": {
              "Cluster": "Danylo",
              "Environment": "Danylo",
              "InstanceGroup": "default"
            },
            "tags_all": {
              "Cluster": "Danylo",
              "Environment": "Danylo",
              "InstanceGroup": "default"
            },
            "timeouts": null,
            "vpc_id": "vpc-011cde17e9c3b05a1"
          },
          "sensitive_attributes": [],
          "private": "eyJlMmJmYjczMC1lY2FhLTExZTYtOGY4OC0zNDM2M2JjN2M0YzAiOnsiY3JlYXRlIjo2MDAwMDAwMDAwMDAsImRlbGV0ZSI6OTAwMDAwMDAwMDAwfSwic2NoZW1hX3ZlcnNpb24iOiIxIn0=",
          "dependencies": [
            "module.ecs.module.network.module.vpc.aws_vpc.vpc"
          ],
          "create_before_destroy": true
        }
      ]
    },
    {
      "module": "module.ecs.module.ecs_instances",
      "mode": "managed",
      "type": "aws_security_group_rule",
      "name": "outbound_internet_access",
      "provider": "provider[\"registry.terraform.io/hashicorp/aws\"]",
      "instances": [
        {
          "schema_version": 2,
          "attributes": {
            "cidr_blocks": [
              "0.0.0.0/0"
            ],
            "description": null,
            "from_port": 0,
            "id": "sgrule-777922983",
            "ipv6_cidr_blocks": null,
            "prefix_list_ids": null,
            "protocol": "-1",
            "security_group_id": "sg-0552cbb59442307b3",
            "self": false,
            "source_security_group_id": null,
            "timeouts": null,
            "to_port": 0,
            "type": "egress"
          },
          "sensitive_attributes": [],
          "private": "eyJlMmJmYjczMC1lY2FhLTExZTYtOGY4OC0zNDM2M2JjN2M0YzAiOnsiY3JlYXRlIjozMDAwMDAwMDAwMDB9LCJzY2hlbWFfdmVyc2lvbiI6IjIifQ==",
          "dependencies": [
            "module.ecs.module.ecs_instances.aws_security_group.instance",
            "module.ecs.module.network.module.vpc.aws_vpc.vpc"
          ]
        }
      ]
    },
    {
      "module": "module.ecs.module.network",
      "mode": "managed",
      "type": "aws_route",
      "name": "private_nat_route",
      "provider": "provider[\"registry.terraform.io/hashicorp/aws\"]",
      "instances": [
        {
          "index_key": 0,
          "schema_version": 0,
          "attributes": {
            "carrier_gateway_id": "",
            "core_network_arn": "",
            "destination_cidr_block": "0.0.0.0/0",
            "destination_ipv6_cidr_block": "",
            "destination_prefix_list_id": "",
            "egress_only_gateway_id": "",
            "gateway_id": "",
            "id": "r-rtb-08b254e9f85f1bb061080289494",
            "instance_id": "",
            "instance_owner_id": "",
            "local_gateway_id": "",
            "nat_gateway_id": "nat-02c365bb0ac656ef8",
            "network_interface_id": "",
            "origin": "CreateRoute",
            "route_table_id": "rtb-08b254e9f85f1bb06",
            "state": "active",
            "timeouts": null,
            "transit_gateway_id": "",
            "vpc_endpoint_id": "",
            "vpc_peering_connection_id": ""
          },
          "sensitive_attributes": [],
          "private": "eyJlMmJmYjczMC1lY2FhLTExZTYtOGY4OC0zNDM2M2JjN2M0YzAiOnsiY3JlYXRlIjozMDAwMDAwMDAwMDAsImRlbGV0ZSI6MzAwMDAwMDAwMDAwLCJ1cGRhdGUiOjEyMDAwMDAwMDAwMH19",
          "dependencies": [
            "module.ecs.module.network.module.nat.aws_eip.nat",
            "module.ecs.module.network.module.nat.aws_nat_gateway.nat",
            "module.ecs.module.network.module.private_subnet.aws_route_table.subnet",
            "module.ecs.module.network.module.public_subnet.aws_subnet.subnet",
            "module.ecs.module.network.module.vpc.aws_vpc.vpc"
          ]
        },
        {
          "index_key": 1,
          "schema_version": 0,
          "attributes": {
            "carrier_gateway_id": "",
            "core_network_arn": "",
            "destination_cidr_block": "0.0.0.0/0",
            "destination_ipv6_cidr_block": "",
            "destination_prefix_list_id": "",
            "egress_only_gateway_id": "",
            "gateway_id": "",
            "id": "r-rtb-0384b1fa904f1c7271080289494",
            "instance_id": "",
            "instance_owner_id": "",
            "local_gateway_id": "",
            "nat_gateway_id": "nat-0be8f7b56f9ec9b8d",
            "network_interface_id": "",
            "origin": "CreateRoute",
            "route_table_id": "rtb-0384b1fa904f1c727",
            "state": "active",
            "timeouts": null,
            "transit_gateway_id": "",
            "vpc_endpoint_id": "",
            "vpc_peering_connection_id": ""
          },
          "sensitive_attributes": [],
          "private": "eyJlMmJmYjczMC1lY2FhLTExZTYtOGY4OC0zNDM2M2JjN2M0YzAiOnsiY3JlYXRlIjozMDAwMDAwMDAwMDAsImRlbGV0ZSI6MzAwMDAwMDAwMDAwLCJ1cGRhdGUiOjEyMDAwMDAwMDAwMH19",
          "dependencies": [
            "module.ecs.module.network.module.nat.aws_eip.nat",
            "module.ecs.module.network.module.nat.aws_nat_gateway.nat",
            "module.ecs.module.network.module.private_subnet.aws_route_table.subnet",
            "module.ecs.module.network.module.public_subnet.aws_subnet.subnet",
            "module.ecs.module.network.module.vpc.aws_vpc.vpc"
          ]
        }
      ]
    },
    {
      "module": "module.ecs.module.network",
      "mode": "managed",
      "type": "aws_route",
      "name": "public_igw_route",
      "provider": "provider[\"registry.terraform.io/hashicorp/aws\"]",
      "instances": [
        {
          "index_key": 0,
          "schema_version": 0,
          "attributes": {
            "carrier_gateway_id": "",
            "core_network_arn": "",
            "destination_cidr_block": "0.0.0.0/0",
            "destination_ipv6_cidr_block": "",
            "destination_prefix_list_id": "",
            "egress_only_gateway_id": "",
            "gateway_id": "igw-0db3189b7246f22e3",
            "id": "r-rtb-089596ad886bddbce1080289494",
            "instance_id": "",
            "instance_owner_id": "",
            "local_gateway_id": "",
            "nat_gateway_id": "",
            "network_interface_id": "",
            "origin": "CreateRoute",
            "route_table_id": "rtb-089596ad886bddbce",
            "state": "active",
            "timeouts": null,
            "transit_gateway_id": "",
            "vpc_endpoint_id": "",
            "vpc_peering_connection_id": ""
          },
          "sensitive_attributes": [],
          "private": "eyJlMmJmYjczMC1lY2FhLTExZTYtOGY4OC0zNDM2M2JjN2M0YzAiOnsiY3JlYXRlIjozMDAwMDAwMDAwMDAsImRlbGV0ZSI6MzAwMDAwMDAwMDAwLCJ1cGRhdGUiOjEyMDAwMDAwMDAwMH19",
          "dependencies": [
            "module.ecs.module.network.module.public_subnet.aws_route_table.subnet",
            "module.ecs.module.network.module.vpc.aws_internet_gateway.vpc",
            "module.ecs.module.network.module.vpc.aws_vpc.vpc"
          ]
        },
        {
          "index_key": 1,
          "schema_version": 0,
          "attributes": {
            "carrier_gateway_id": "",
            "core_network_arn": "",
            "destination_cidr_block": "0.0.0.0/0",
            "destination_ipv6_cidr_block": "",
            "destination_prefix_list_id": "",
            "egress_only_gateway_id": "",
            "gateway_id": "igw-0db3189b7246f22e3",
            "id": "r-rtb-00638614fa029fb451080289494",
            "instance_id": "",
            "instance_owner_id": "",
            "local_gateway_id": "",
            "nat_gateway_id": "",
            "network_interface_id": "",
            "origin": "CreateRoute",
            "route_table_id": "rtb-00638614fa029fb45",
            "state": "active",
            "timeouts": null,
            "transit_gateway_id": "",
            "vpc_endpoint_id": "",
            "vpc_peering_connection_id": ""
          },
          "sensitive_attributes": [],
          "private": "eyJlMmJmYjczMC1lY2FhLTExZTYtOGY4OC0zNDM2M2JjN2M0YzAiOnsiY3JlYXRlIjozMDAwMDAwMDAwMDAsImRlbGV0ZSI6MzAwMDAwMDAwMDAwLCJ1cGRhdGUiOjEyMDAwMDAwMDAwMH19",
          "dependencies": [
            "module.ecs.module.network.module.public_subnet.aws_route_table.subnet",
            "module.ecs.module.network.module.vpc.aws_internet_gateway.vpc",
            "module.ecs.module.network.module.vpc.aws_vpc.vpc"
          ]
        }
      ]
    },
    {
      "module": "module.ecs.module.network",
      "mode": "managed",
      "type": "null_resource",
      "name": "dummy_dependency",
      "provider": "provider[\"registry.terraform.io/hashicorp/null\"]",
      "instances": [
        {
          "schema_version": 0,
          "attributes": {
            "id": "2954201745288681413",
            "triggers": null
          },
          "sensitive_attributes": [],
          "private": "bnVsbA==",
          "dependencies": [
            "module.ecs.module.network.module.nat.aws_eip.nat",
            "module.ecs.module.network.module.nat.aws_nat_gateway.nat",
            "module.ecs.module.network.module.public_subnet.aws_subnet.subnet",
            "module.ecs.module.network.module.vpc.aws_vpc.vpc"
          ]
        }
      ]
    },
    {
      "module": "module.ecs.module.network.module.nat",
      "mode": "managed",
      "type": "aws_eip",
      "name": "nat",
      "provider": "provider[\"registry.terraform.io/hashicorp/aws\"]",
      "instances": [
        {
          "index_key": 0,
          "schema_version": 0,
          "attributes": {
            "address": null,
            "allocation_id": "eipalloc-0919505314446803e",
            "associate_with_private_ip": null,
            "association_id": "",
            "carrier_ip": "",
            "customer_owned_ip": "",
            "customer_owned_ipv4_pool": "",
            "domain": "vpc",
            "id": "eipalloc-0919505314446803e",
            "instance": "",
            "network_border_group": "eu-west-1",
            "network_interface": "",
            "private_dns": null,
            "private_ip": "",
            "public_dns": "ec2-52-49-134-69.eu-west-1.compute.amazonaws.com",
            "public_ip": "52.49.134.69",
            "public_ipv4_pool": "amazon",
            "tags": null,
            "tags_all": {},
            "timeouts": null,
            "vpc": true
          },
          "sensitive_attributes": [],
          "private": "eyJlMmJmYjczMC1lY2FhLTExZTYtOGY4OC0zNDM2M2JjN2M0YzAiOnsiZGVsZXRlIjoxODAwMDAwMDAwMDAsInJlYWQiOjkwMDAwMDAwMDAwMCwidXBkYXRlIjozMDAwMDAwMDAwMDB9fQ=="
        },
        {
          "index_key": 1,
          "schema_version": 0,
          "attributes": {
            "address": null,
            "allocation_id": "eipalloc-0dffb45b0f6d9ce88",
            "associate_with_private_ip": null,
            "association_id": "",
            "carrier_ip": "",
            "customer_owned_ip": "",
            "customer_owned_ipv4_pool": "",
            "domain": "vpc",
            "id": "eipalloc-0dffb45b0f6d9ce88",
            "instance": "",
            "network_border_group": "eu-west-1",
            "network_interface": "",
            "private_dns": null,
            "private_ip": "",
            "public_dns": "ec2-52-30-105-169.eu-west-1.compute.amazonaws.com",
            "public_ip": "52.30.105.169",
            "public_ipv4_pool": "amazon",
            "tags": null,
            "tags_all": {},
            "timeouts": null,
            "vpc": true
          },
          "sensitive_attributes": [],
          "private": "eyJlMmJmYjczMC1lY2FhLTExZTYtOGY4OC0zNDM2M2JjN2M0YzAiOnsiZGVsZXRlIjoxODAwMDAwMDAwMDAsInJlYWQiOjkwMDAwMDAwMDAwMCwidXBkYXRlIjozMDAwMDAwMDAwMDB9fQ=="
        }
      ]
    },
    {
      "module": "module.ecs.module.network.module.nat",
      "mode": "managed",
      "type": "aws_nat_gateway",
      "name": "nat",
      "provider": "provider[\"registry.terraform.io/hashicorp/aws\"]",
      "instances": [
        {
          "index_key": 0,
          "schema_version": 0,
          "attributes": {
            "allocation_id": "eipalloc-0919505314446803e",
            "connectivity_type": "public",
            "id": "nat-02c365bb0ac656ef8",
            "network_interface_id": "eni-0def87e375c4c6fc3",
            "private_ip": "10.0.0.96",
            "public_ip": "52.49.134.69",
            "subnet_id": "subnet-076f47d90cc081d59",
            "tags": null,
            "tags_all": {}
          },
          "sensitive_attributes": [],
          "private": "bnVsbA==",
          "dependencies": [
            "module.ecs.module.network.module.nat.aws_eip.nat",
            "module.ecs.module.network.module.public_subnet.aws_subnet.subnet",
            "module.ecs.module.network.module.vpc.aws_vpc.vpc"
          ]
        },
        {
          "index_key": 1,
          "schema_version": 0,
          "attributes": {
            "allocation_id": "eipalloc-0dffb45b0f6d9ce88",
            "connectivity_type": "public",
            "id": "nat-0be8f7b56f9ec9b8d",
            "network_interface_id": "eni-069ebebecedbabbd0",
            "private_ip": "10.0.1.181",
            "public_ip": "52.30.105.169",
            "subnet_id": "subnet-0e392d9ee15cfe2bb",
            "tags": null,
            "tags_all": {}
          },
          "sensitive_attributes": [],
          "private": "bnVsbA==",
          "dependencies": [
            "module.ecs.module.network.module.nat.aws_eip.nat",
            "module.ecs.module.network.module.public_subnet.aws_subnet.subnet",
            "module.ecs.module.network.module.vpc.aws_vpc.vpc"
          ]
        }
      ]
    },
    {
      "module": "module.ecs.module.network.module.private_subnet",
      "mode": "managed",
      "type": "aws_route_table",
      "name": "subnet",
      "provider": "provider[\"registry.terraform.io/hashicorp/aws\"]",
      "instances": [
        {
          "index_key": 0,
          "schema_version": 0,
          "attributes": {
            "arn": "arn:aws:ec2:eu-west-1:560092900663:route-table/rtb-08b254e9f85f1bb06",
            "id": "rtb-08b254e9f85f1bb06",
            "owner_id": "560092900663",
            "propagating_vgws": [],
            "route": [],
            "tags": {
              "Environment": "Danylo",
              "Name": "Danylo_private_subnet_eu-west-1a"
            },
            "tags_all": {
              "Environment": "Danylo",
              "Name": "Danylo_private_subnet_eu-west-1a"
            },
            "timeouts": null,
            "vpc_id": "vpc-011cde17e9c3b05a1"
          },
          "sensitive_attributes": [],
          "private": "eyJlMmJmYjczMC1lY2FhLTExZTYtOGY4OC0zNDM2M2JjN2M0YzAiOnsiY3JlYXRlIjozMDAwMDAwMDAwMDAsImRlbGV0ZSI6MzAwMDAwMDAwMDAwLCJ1cGRhdGUiOjEyMDAwMDAwMDAwMH19",
          "dependencies": [
            "module.ecs.module.network.module.vpc.aws_vpc.vpc"
          ]
        },
        {
          "index_key": 1,
          "schema_version": 0,
          "attributes": {
            "arn": "arn:aws:ec2:eu-west-1:560092900663:route-table/rtb-0384b1fa904f1c727",
            "id": "rtb-0384b1fa904f1c727",
            "owner_id": "560092900663",
            "propagating_vgws": [],
            "route": [],
            "tags": {
              "Environment": "Danylo",
              "Name": "Danylo_private_subnet_eu-west-1b"
            },
            "tags_all": {
              "Environment": "Danylo",
              "Name": "Danylo_private_subnet_eu-west-1b"
            },
            "timeouts": null,
            "vpc_id": "vpc-011cde17e9c3b05a1"
          },
          "sensitive_attributes": [],
          "private": "eyJlMmJmYjczMC1lY2FhLTExZTYtOGY4OC0zNDM2M2JjN2M0YzAiOnsiY3JlYXRlIjozMDAwMDAwMDAwMDAsImRlbGV0ZSI6MzAwMDAwMDAwMDAwLCJ1cGRhdGUiOjEyMDAwMDAwMDAwMH19",
          "dependencies": [
            "module.ecs.module.network.module.vpc.aws_vpc.vpc"
          ]
        }
      ]
    },
    {
      "module": "module.ecs.module.network.module.private_subnet",
      "mode": "managed",
      "type": "aws_route_table_association",
      "name": "subnet",
      "provider": "provider[\"registry.terraform.io/hashicorp/aws\"]",
      "instances": [
        {
          "index_key": 0,
          "schema_version": 0,
          "attributes": {
            "gateway_id": "",
            "id": "rtbassoc-002b14f3b79a02feb",
            "route_table_id": "rtb-08b254e9f85f1bb06",
            "subnet_id": "subnet-0f8c70752f28bcd37"
          },
          "sensitive_attributes": [],
          "private": "bnVsbA==",
          "dependencies": [
            "module.ecs.module.network.module.private_subnet.aws_route_table.subnet",
            "module.ecs.module.network.module.private_subnet.aws_subnet.subnet",
            "module.ecs.module.network.module.vpc.aws_vpc.vpc"
          ]
        },
        {
          "index_key": 1,
          "schema_version": 0,
          "attributes": {
            "gateway_id": "",
            "id": "rtbassoc-0aea6bfe2c9721d8a",
            "route_table_id": "rtb-0384b1fa904f1c727",
            "subnet_id": "subnet-0c69d3bd8c11f5150"
          },
          "sensitive_attributes": [],
          "private": "bnVsbA==",
          "dependencies": [
            "module.ecs.module.network.module.private_subnet.aws_route_table.subnet",
            "module.ecs.module.network.module.private_subnet.aws_subnet.subnet",
            "module.ecs.module.network.module.vpc.aws_vpc.vpc"
          ]
        }
      ]
    },
    {
      "module": "module.ecs.module.network.module.private_subnet",
      "mode": "managed",
      "type": "aws_subnet",
      "name": "subnet",
      "provider": "provider[\"registry.terraform.io/hashicorp/aws\"]",
      "instances": [
        {
          "index_key": 0,
          "schema_version": 1,
          "attributes": {
            "arn": "arn:aws:ec2:eu-west-1:560092900663:subnet/subnet-0f8c70752f28bcd37",
            "assign_ipv6_address_on_creation": false,
            "availability_zone": "eu-west-1a",
            "availability_zone_id": "euw1-az3",
            "cidr_block": "10.0.50.0/24",
            "customer_owned_ipv4_pool": "",
            "enable_dns64": false,
            "enable_resource_name_dns_a_record_on_launch": false,
            "enable_resource_name_dns_aaaa_record_on_launch": false,
            "id": "subnet-0f8c70752f28bcd37",
            "ipv6_cidr_block": "",
            "ipv6_cidr_block_association_id": "",
            "ipv6_native": false,
            "map_customer_owned_ip_on_launch": false,
            "map_public_ip_on_launch": false,
            "outpost_arn": "",
            "owner_id": "560092900663",
            "private_dns_hostname_type_on_launch": "ip-name",
            "tags": {
              "Environment": "Danylo",
              "Name": "Danylo_private_subnet_eu-west-1a"
            },
            "tags_all": {
              "Environment": "Danylo",
              "Name": "Danylo_private_subnet_eu-west-1a"
            },
            "timeouts": null,
            "vpc_id": "vpc-011cde17e9c3b05a1"
          },
          "sensitive_attributes": [],
          "private": "eyJlMmJmYjczMC1lY2FhLTExZTYtOGY4OC0zNDM2M2JjN2M0YzAiOnsiY3JlYXRlIjo2MDAwMDAwMDAwMDAsImRlbGV0ZSI6MTIwMDAwMDAwMDAwMH0sInNjaGVtYV92ZXJzaW9uIjoiMSJ9",
          "dependencies": [
            "module.ecs.module.network.module.vpc.aws_vpc.vpc"
          ]
        },
        {
          "index_key": 1,
          "schema_version": 1,
          "attributes": {
            "arn": "arn:aws:ec2:eu-west-1:560092900663:subnet/subnet-0c69d3bd8c11f5150",
            "assign_ipv6_address_on_creation": false,
            "availability_zone": "eu-west-1b",
            "availability_zone_id": "euw1-az1",
            "cidr_block": "10.0.51.0/24",
            "customer_owned_ipv4_pool": "",
            "enable_dns64": false,
            "enable_resource_name_dns_a_record_on_launch": false,
            "enable_resource_name_dns_aaaa_record_on_launch": false,
            "id": "subnet-0c69d3bd8c11f5150",
            "ipv6_cidr_block": "",
            "ipv6_cidr_block_association_id": "",
            "ipv6_native": false,
            "map_customer_owned_ip_on_launch": false,
            "map_public_ip_on_launch": false,
            "outpost_arn": "",
            "owner_id": "560092900663",
            "private_dns_hostname_type_on_launch": "ip-name",
            "tags": {
              "Environment": "Danylo",
              "Name": "Danylo_private_subnet_eu-west-1b"
            },
            "tags_all": {
              "Environment": "Danylo",
              "Name": "Danylo_private_subnet_eu-west-1b"
            },
            "timeouts": null,
            "vpc_id": "vpc-011cde17e9c3b05a1"
          },
          "sensitive_attributes": [],
          "private": "eyJlMmJmYjczMC1lY2FhLTExZTYtOGY4OC0zNDM2M2JjN2M0YzAiOnsiY3JlYXRlIjo2MDAwMDAwMDAwMDAsImRlbGV0ZSI6MTIwMDAwMDAwMDAwMH0sInNjaGVtYV92ZXJzaW9uIjoiMSJ9",
          "dependencies": [
            "module.ecs.module.network.module.vpc.aws_vpc.vpc"
          ]
        }
      ]
    },
    {
      "module": "module.ecs.module.network.module.public_subnet",
      "mode": "managed",
      "type": "aws_route_table",
      "name": "subnet",
      "provider": "provider[\"registry.terraform.io/hashicorp/aws\"]",
      "instances": [
        {
          "index_key": 0,
          "schema_version": 0,
          "attributes": {
            "arn": "arn:aws:ec2:eu-west-1:560092900663:route-table/rtb-089596ad886bddbce",
            "id": "rtb-089596ad886bddbce",
            "owner_id": "560092900663",
            "propagating_vgws": [],
            "route": [],
            "tags": {
              "Environment": "Danylo",
              "Name": "Danylo_public_subnet_eu-west-1a"
            },
            "tags_all": {
              "Environment": "Danylo",
              "Name": "Danylo_public_subnet_eu-west-1a"
            },
            "timeouts": null,
            "vpc_id": "vpc-011cde17e9c3b05a1"
          },
          "sensitive_attributes": [],
          "private": "eyJlMmJmYjczMC1lY2FhLTExZTYtOGY4OC0zNDM2M2JjN2M0YzAiOnsiY3JlYXRlIjozMDAwMDAwMDAwMDAsImRlbGV0ZSI6MzAwMDAwMDAwMDAwLCJ1cGRhdGUiOjEyMDAwMDAwMDAwMH19",
          "dependencies": [
            "module.ecs.module.network.module.vpc.aws_vpc.vpc"
          ]
        },
        {
          "index_key": 1,
          "schema_version": 0,
          "attributes": {
            "arn": "arn:aws:ec2:eu-west-1:560092900663:route-table/rtb-00638614fa029fb45",
            "id": "rtb-00638614fa029fb45",
            "owner_id": "560092900663",
            "propagating_vgws": [],
            "route": [],
            "tags": {
              "Environment": "Danylo",
              "Name": "Danylo_public_subnet_eu-west-1b"
            },
            "tags_all": {
              "Environment": "Danylo",
              "Name": "Danylo_public_subnet_eu-west-1b"
            },
            "timeouts": null,
            "vpc_id": "vpc-011cde17e9c3b05a1"
          },
          "sensitive_attributes": [],
          "private": "eyJlMmJmYjczMC1lY2FhLTExZTYtOGY4OC0zNDM2M2JjN2M0YzAiOnsiY3JlYXRlIjozMDAwMDAwMDAwMDAsImRlbGV0ZSI6MzAwMDAwMDAwMDAwLCJ1cGRhdGUiOjEyMDAwMDAwMDAwMH19",
          "dependencies": [
            "module.ecs.module.network.module.vpc.aws_vpc.vpc"
          ]
        }
      ]
    },
    {
      "module": "module.ecs.module.network.module.public_subnet",
      "mode": "managed",
      "type": "aws_route_table_association",
      "name": "subnet",
      "provider": "provider[\"registry.terraform.io/hashicorp/aws\"]",
      "instances": [
        {
          "index_key": 0,
          "schema_version": 0,
          "attributes": {
            "gateway_id": "",
            "id": "rtbassoc-03b977c0484a8d1a1",
            "route_table_id": "rtb-089596ad886bddbce",
            "subnet_id": "subnet-076f47d90cc081d59"
          },
          "sensitive_attributes": [],
          "private": "bnVsbA==",
          "dependencies": [
            "module.ecs.module.network.module.public_subnet.aws_route_table.subnet",
            "module.ecs.module.network.module.public_subnet.aws_subnet.subnet",
            "module.ecs.module.network.module.vpc.aws_vpc.vpc"
          ]
        },
        {
          "index_key": 1,
          "schema_version": 0,
          "attributes": {
            "gateway_id": "",
            "id": "rtbassoc-0d4c0b8f073f63c56",
            "route_table_id": "rtb-00638614fa029fb45",
            "subnet_id": "subnet-0e392d9ee15cfe2bb"
          },
          "sensitive_attributes": [],
          "private": "bnVsbA==",
          "dependencies": [
            "module.ecs.module.network.module.public_subnet.aws_route_table.subnet",
            "module.ecs.module.network.module.public_subnet.aws_subnet.subnet",
            "module.ecs.module.network.module.vpc.aws_vpc.vpc"
          ]
        }
      ]
    },
    {
      "module": "module.ecs.module.network.module.public_subnet",
      "mode": "managed",
      "type": "aws_subnet",
      "name": "subnet",
      "provider": "provider[\"registry.terraform.io/hashicorp/aws\"]",
      "instances": [
        {
          "index_key": 0,
          "schema_version": 1,
          "attributes": {
            "arn": "arn:aws:ec2:eu-west-1:560092900663:subnet/subnet-076f47d90cc081d59",
            "assign_ipv6_address_on_creation": false,
            "availability_zone": "eu-west-1a",
            "availability_zone_id": "euw1-az3",
            "cidr_block": "10.0.0.0/24",
            "customer_owned_ipv4_pool": "",
            "enable_dns64": false,
            "enable_resource_name_dns_a_record_on_launch": false,
            "enable_resource_name_dns_aaaa_record_on_launch": false,
            "id": "subnet-076f47d90cc081d59",
            "ipv6_cidr_block": "",
            "ipv6_cidr_block_association_id": "",
            "ipv6_native": false,
            "map_customer_owned_ip_on_launch": false,
            "map_public_ip_on_launch": false,
            "outpost_arn": "",
            "owner_id": "560092900663",
            "private_dns_hostname_type_on_launch": "ip-name",
            "tags": {
              "Environment": "Danylo",
              "Name": "Danylo_public_subnet_eu-west-1a"
            },
            "tags_all": {
              "Environment": "Danylo",
              "Name": "Danylo_public_subnet_eu-west-1a"
            },
            "timeouts": null,
            "vpc_id": "vpc-011cde17e9c3b05a1"
          },
          "sensitive_attributes": [],
          "private": "eyJlMmJmYjczMC1lY2FhLTExZTYtOGY4OC0zNDM2M2JjN2M0YzAiOnsiY3JlYXRlIjo2MDAwMDAwMDAwMDAsImRlbGV0ZSI6MTIwMDAwMDAwMDAwMH0sInNjaGVtYV92ZXJzaW9uIjoiMSJ9",
          "dependencies": [
            "module.ecs.module.network.module.vpc.aws_vpc.vpc"
          ]
        },
        {
          "index_key": 1,
          "schema_version": 1,
          "attributes": {
            "arn": "arn:aws:ec2:eu-west-1:560092900663:subnet/subnet-0e392d9ee15cfe2bb",
            "assign_ipv6_address_on_creation": false,
            "availability_zone": "eu-west-1b",
            "availability_zone_id": "euw1-az1",
            "cidr_block": "10.0.1.0/24",
            "customer_owned_ipv4_pool": "",
            "enable_dns64": false,
            "enable_resource_name_dns_a_record_on_launch": false,
            "enable_resource_name_dns_aaaa_record_on_launch": false,
            "id": "subnet-0e392d9ee15cfe2bb",
            "ipv6_cidr_block": "",
            "ipv6_cidr_block_association_id": "",
            "ipv6_native": false,
            "map_customer_owned_ip_on_launch": false,
            "map_public_ip_on_launch": false,
            "outpost_arn": "",
            "owner_id": "560092900663",
            "private_dns_hostname_type_on_launch": "ip-name",
            "tags": {
              "Environment": "Danylo",
              "Name": "Danylo_public_subnet_eu-west-1b"
            },
            "tags_all": {
              "Environment": "Danylo",
              "Name": "Danylo_public_subnet_eu-west-1b"
            },
            "timeouts": null,
            "vpc_id": "vpc-011cde17e9c3b05a1"
          },
          "sensitive_attributes": [],
          "private": "eyJlMmJmYjczMC1lY2FhLTExZTYtOGY4OC0zNDM2M2JjN2M0YzAiOnsiY3JlYXRlIjo2MDAwMDAwMDAwMDAsImRlbGV0ZSI6MTIwMDAwMDAwMDAwMH0sInNjaGVtYV92ZXJzaW9uIjoiMSJ9",
          "dependencies": [
            "module.ecs.module.network.module.vpc.aws_vpc.vpc"
          ]
        }
      ]
    },
    {
      "module": "module.ecs.module.network.module.vpc",
      "mode": "managed",
      "type": "aws_internet_gateway",
      "name": "vpc",
      "provider": "provider[\"registry.terraform.io/hashicorp/aws\"]",
      "instances": [
        {
          "schema_version": 0,
          "attributes": {
            "arn": "arn:aws:ec2:eu-west-1:560092900663:internet-gateway/igw-0db3189b7246f22e3",
            "id": "igw-0db3189b7246f22e3",
            "owner_id": "560092900663",
            "tags": {
              "Environment": "Danylo"
            },
            "tags_all": {
              "Environment": "Danylo"
            },
            "timeouts": null,
            "vpc_id": "vpc-011cde17e9c3b05a1"
          },
          "sensitive_attributes": [],
          "private": "eyJlMmJmYjczMC1lY2FhLTExZTYtOGY4OC0zNDM2M2JjN2M0YzAiOnsiY3JlYXRlIjoxMjAwMDAwMDAwMDAwLCJkZWxldGUiOjEyMDAwMDAwMDAwMDAsInVwZGF0ZSI6MTIwMDAwMDAwMDAwMH19",
          "dependencies": [
            "module.ecs.module.network.module.vpc.aws_vpc.vpc"
          ]
        }
      ]
    },
    {
      "module": "module.ecs.module.network.module.vpc",
      "mode": "managed",
      "type": "aws_vpc",
      "name": "vpc",
      "provider": "provider[\"registry.terraform.io/hashicorp/aws\"]",
      "instances": [
        {
          "schema_version": 1,
          "attributes": {
            "arn": "arn:aws:ec2:eu-west-1:560092900663:vpc/vpc-011cde17e9c3b05a1",
            "assign_generated_ipv6_cidr_block": false,
            "cidr_block": "10.0.0.0/16",
            "default_network_acl_id": "acl-03b682816e8527e81",
            "default_route_table_id": "rtb-02e71dc75963a3a07",
            "default_security_group_id": "sg-0bb8370f1da02d269",
            "dhcp_options_id": "dopt-028befac7c70e2fda",
            "enable_classiclink": false,
            "enable_classiclink_dns_support": false,
            "enable_dns_hostnames": true,
            "enable_dns_support": true,
            "id": "vpc-011cde17e9c3b05a1",
            "instance_tenancy": "default",
            "ipv4_ipam_pool_id": null,
            "ipv4_netmask_length": null,
            "ipv6_association_id": "",
            "ipv6_cidr_block": "",
            "ipv6_cidr_block_network_border_group": "",
            "ipv6_ipam_pool_id": "",
            "ipv6_netmask_length": 0,
            "main_route_table_id": "rtb-02e71dc75963a3a07",
            "owner_id": "560092900663",
            "tags": {
              "Environment": "Danylo",
              "Name": "Danylo"
            },
            "tags_all": {
              "Environment": "Danylo",
              "Name": "Danylo"
            }
          },
          "sensitive_attributes": [],
          "private": "eyJzY2hlbWFfdmVyc2lvbiI6IjEifQ==",
          "create_before_destroy": true
        }
      ]
    }
  ]
}
